
Microsoft Visual Studio Solution File, Format Version 12.00
# Visual Studio Version 17
VisualStudioVersion = 17.5.002.0
MinimumVisualStudioVersion = 10.0.40219.1
Project("{2150E333-8FDC-42A3-9474-1A3956D46DE8}") = "csharp-prep", "csharp-prep", "{604CF027-7AC4-479D-9D7B-07CDA459BE08}"
EndProject
Project("{9A19103F-16F7-4668-BE54-9A1E7A4F7556}") = "Prep1", "csharp-prep\Prep1\Prep1.csproj", "{9DB2082E-2D6F-411B-8E73-37F6417631D6}"
EndProject
Project("{9A19103F-16F7-4668-BE54-9A1E7A4F7556}") = "Prep2", "csharp-prep\Prep2\Prep2.csproj", "{7DE68B49-6413-42D1-924C-6B95185B7CAE}"
EndProject
Project("{9A19103F-16F7-4668-BE54-9A1E7A4F7556}") = "Prep3", "csharp-prep\Prep3\Prep3.csproj", "{338DEDD4-F2DC-463D-B4C5-97EF8FBD7805}"
EndProject
Project("{9A19103F-16F7-4668-BE54-9A1E7A4F7556}") = "Prep4", "csharp-prep\Prep4\Prep4.csproj", "{1FBD03F2-F6CD-4140-BFD6-63CFBEAB6DD9}"
EndProject
Project("{9A19103F-16F7-4668-BE54-9A1E7A4F7556}") = "Prep5", "csharp-prep\Prep5\Prep5.csproj", "{3907FB15-5742-4BD7-A06E-1D4872B18062}"
EndProject
Project("{2150E333-8FDC-42A3-9474-1A3956D46DE8}") = "final", "final", "{FCFE3C29-6710-43C4-B0D9-11CDFA31AC4B}"
EndProject
Project("{9A19103F-16F7-4668-BE54-9A1E7A4F7556}") = "FinalProject", "final\FinalProject\FinalProject.csproj", "{3C321ADE-D2BD-4E89-98C9-DFF3A2715C77}"
EndProject
Project("{9A19103F-16F7-4668-BE54-9A1E7A4F7556}") = "Foundation1", "final\Foundation1\Foundation1.csproj", "{31E56B6B-35E3-4031-9C1D-F88A325D4A0E}"
EndProject
Project("{9A19103F-16F7-4668-BE54-9A1E7A4F7556}") = "Foundation2", "final\Foundation2\Foundation2.csproj", "{278C8C3A-3116-4B63-9BF9-DDFE2694C723}"
EndProject
Project("{9A19103F-16F7-4668-BE54-9A1E7A4F7556}") = "Foundation3", "final\Foundation3\Foundation3.csproj", "{3E2C5696-3B3E-4E1B-B542-E0EB078E5708}"
EndProject
Project("{9A19103F-16F7-4668-BE54-9A1E7A4F7556}") = "Foundation4", "final\Foundation4\Foundation4.csproj", "{9BF14607-2B0A-4165-88ED-6D7946B557EA}"
EndProject
Project("{2150E333-8FDC-42A3-9474-1A3956D46DE8}") = "prepare", "prepare", "{71C928C2-7EBA-43FA-9E03-2A52E6BAD681}"
EndProject
Project("{9A19103F-16F7-4668-BE54-9A1E7A4F7556}") = "Learning02", "prepare\Learning02\Learning02.csproj", "{B88B64A9-8B8D-4D7F-A06E-B3B41F6DFAFC}"
EndProject
Project("{9A19103F-16F7-4668-BE54-9A1E7A4F7556}") = "Learning03", "prepare\Learning03\Learning03.csproj", "{2F1E7E55-1E16-4FD5-A4D5-C3A5B80697D5}"
EndProject
Project("{9A19103F-16F7-4668-BE54-9A1E7A4F7556}") = "Learning04", "prepare\Learning04\Learning04.csproj", "{CDA6FB22-CCAE-4F13-A9D6-8C3EA57CA413}"
EndProject
Project("{9A19103F-16F7-4668-BE54-9A1E7A4F7556}") = "Learning05", "prepare\Learning05\Learning05.csproj", "{5CB324F8-F16C-465C-A621-322A268A3561}"
EndProject
Project("{2150E333-8FDC-42A3-9474-1A3956D46DE8}") = "prove", "prove", "{A949180A-6779-4387-A75F-BDCD72160B24}"
EndProject
Project("{9A19103F-16F7-4668-BE54-9A1E7A4F7556}") = "Develop02", "prove\Develop02\Develop02.csproj", "{ECE65774-A108-4958-993D-B27A07409A8B}"
EndProject
Project("{9A19103F-16F7-4668-BE54-9A1E7A4F7556}") = "Develop03", "prove\Develop03\Develop03.csproj", "{4C66C3C1-32C2-4637-B518-4F859CF11CA1}"
EndProject
Project("{9A19103F-16F7-4668-BE54-9A1E7A4F7556}") = "Develop04", "prove\Develop04\Develop04.csproj", "{81E24120-5681-44B4-B34B-878223737955}"
EndProject
Project("{9A19103F-16F7-4668-BE54-9A1E7A4F7556}") = "Develop05", "prove\Develop05\Develop05.csproj", "{FD9CE8AC-C9CB-4C82-95D9-964519187563}"
EndProject
Project("{2150E333-8FDC-42A3-9474-1A3956D46DE8}") = "sandbox", "sandbox", "{A8EF226E-70E0-4DE5-92AF-214AB553892A}"
EndProject
Project("{9A19103F-16F7-4668-BE54-9A1E7A4F7556}") = "Sandbox", "sandbox\Sandbox\Sandbox.csproj", "{8494C847-A7BD-4553-8477-A2C75B6C923F}"
EndProject
Global
	GlobalSection(SolutionConfigurationPlatforms) = preSolution
		Debug|Any CPU = Debug|Any CPU
		Release|Any CPU = Release|Any CPU
	EndGlobalSection
	GlobalSection(ProjectConfigurationPlatforms) = postSolution
		{9DB2082E-2D6F-411B-8E73-37F6417631D6}.Debug|Any CPU.ActiveCfg = Debug|Any CPU
		{9DB2082E-2D6F-411B-8E73-37F6417631D6}.Debug|Any CPU.Build.0 = Debug|Any CPU
		{9DB2082E-2D6F-411B-8E73-37F6417631D6}.Release|Any CPU.ActiveCfg = Release|Any CPU
		{9DB2082E-2D6F-411B-8E73-37F6417631D6}.Release|Any CPU.Build.0 = Release|Any CPU
		{7DE68B49-6413-42D1-924C-6B95185B7CAE}.Debug|Any CPU.ActiveCfg = Debug|Any CPU
		{7DE68B49-6413-42D1-924C-6B95185B7CAE}.Debug|Any CPU.Build.0 = Debug|Any CPU
		{7DE68B49-6413-42D1-924C-6B95185B7CAE}.Release|Any CPU.ActiveCfg = Release|Any CPU
		{7DE68B49-6413-42D1-924C-6B95185B7CAE}.Release|Any CPU.Build.0 = Release|Any CPU
		{338DEDD4-F2DC-463D-B4C5-97EF8FBD7805}.Debug|Any CPU.ActiveCfg = Debug|Any CPU
		{338DEDD4-F2DC-463D-B4C5-97EF8FBD7805}.Debug|Any CPU.Build.0 = Debug|Any CPU
		{338DEDD4-F2DC-463D-B4C5-97EF8FBD7805}.Release|Any CPU.ActiveCfg = Release|Any CPU
		{338DEDD4-F2DC-463D-B4C5-97EF8FBD7805}.Release|Any CPU.Build.0 = Release|Any CPU
		{1FBD03F2-F6CD-4140-BFD6-63CFBEAB6DD9}.Debug|Any CPU.ActiveCfg = Debug|Any CPU
		{1FBD03F2-F6CD-4140-BFD6-63CFBEAB6DD9}.Debug|Any CPU.Build.0 = Debug|Any CPU
		{1FBD03F2-F6CD-4140-BFD6-63CFBEAB6DD9}.Release|Any CPU.ActiveCfg = Release|Any CPU
		{1FBD03F2-F6CD-4140-BFD6-63CFBEAB6DD9}.Release|Any CPU.Build.0 = Release|Any CPU
		{3907FB15-5742-4BD7-A06E-1D4872B18062}.Debug|Any CPU.ActiveCfg = Debug|Any CPU
		{3907FB15-5742-4BD7-A06E-1D4872B18062}.Debug|Any CPU.Build.0 = Debug|Any CPU
		{3907FB15-5742-4BD7-A06E-1D4872B18062}.Release|Any CPU.ActiveCfg = Release|Any CPU
		{3907FB15-5742-4BD7-A06E-1D4872B18062}.Release|Any CPU.Build.0 = Release|Any CPU
		{3C321ADE-D2BD-4E89-98C9-DFF3A2715C77}.Debug|Any CPU.ActiveCfg = Debug|Any CPU
		{3C321ADE-D2BD-4E89-98C9-DFF3A2715C77}.Debug|Any CPU.Build.0 = Debug|Any CPU
		{3C321ADE-D2BD-4E89-98C9-DFF3A2715C77}.Release|Any CPU.ActiveCfg = Release|Any CPU
		{3C321ADE-D2BD-4E89-98C9-DFF3A2715C77}.Release|Any CPU.Build.0 = Release|Any CPU
		{31E56B6B-35E3-4031-9C1D-F88A325D4A0E}.Debug|Any CPU.ActiveCfg = Debug|Any CPU
		{31E56B6B-35E3-4031-9C1D-F88A325D4A0E}.Debug|Any CPU.Build.0 = Debug|Any CPU
		{31E56B6B-35E3-4031-9C1D-F88A325D4A0E}.Release|Any CPU.ActiveCfg = Release|Any CPU
		{31E56B6B-35E3-4031-9C1D-F88A325D4A0E}.Release|Any CPU.Build.0 = Release|Any CPU
		{278C8C3A-3116-4B63-9BF9-DDFE2694C723}.Debug|Any CPU.ActiveCfg = Debug|Any CPU
		{278C8C3A-3116-4B63-9BF9-DDFE2694C723}.Debug|Any CPU.Build.0 = Debug|Any CPU
		{278C8C3A-3116-4B63-9BF9-DDFE2694C723}.Release|Any CPU.ActiveCfg = Release|Any CPU
		{278C8C3A-3116-4B63-9BF9-DDFE2694C723}.Release|Any CPU.Build.0 = Release|Any CPU
		{3E2C5696-3B3E-4E1B-B542-E0EB078E5708}.Debug|Any CPU.ActiveCfg = Debug|Any CPU
		{3E2C5696-3B3E-4E1B-B542-E0EB078E5708}.Debug|Any CPU.Build.0 = Debug|Any CPU
		{3E2C5696-3B3E-4E1B-B542-E0EB078E5708}.Release|Any CPU.ActiveCfg = Release|Any CPU
		{3E2C5696-3B3E-4E1B-B542-E0EB078E5708}.Release|Any CPU.Build.0 = Release|Any CPU
		{9BF14607-2B0A-4165-88ED-6D7946B557EA}.Debug|Any CPU.ActiveCfg = Debug|Any CPU
		{9BF14607-2B0A-4165-88ED-6D7946B557EA}.Debug|Any CPU.Build.0 = Debug|Any CPU
		{9BF14607-2B0A-4165-88ED-6D7946B557EA}.Release|Any CPU.ActiveCfg = Release|Any CPU
		{9BF14607-2B0A-4165-88ED-6D7946B557EA}.Release|Any CPU.Build.0 = Release|Any CPU
		{B88B64A9-8B8D-4D7F-A06E-B3B41F6DFAFC}.Debug|Any CPU.ActiveCfg = Debug|Any CPU
		{B88B64A9-8B8D-4D7F-A06E-B3B41F6DFAFC}.Debug|Any CPU.Build.0 = Debug|Any CPU
		{B88B64A9-8B8D-4D7F-A06E-B3B41F6DFAFC}.Release|Any CPU.ActiveCfg = Release|Any CPU
		{B88B64A9-8B8D-4D7F-A06E-B3B41F6DFAFC}.Release|Any CPU.Build.0 = Release|Any CPU
		{2F1E7E55-1E16-4FD5-A4D5-C3A5B80697D5}.Debug|Any CPU.ActiveCfg = Debug|Any CPU
		{2F1E7E55-1E16-4FD5-A4D5-C3A5B80697D5}.Debug|Any CPU.Build.0 = Debug|Any CPU
		{2F1E7E55-1E16-4FD5-A4D5-C3A5B80697D5}.Release|Any CPU.ActiveCfg = Release|Any CPU
		{2F1E7E55-1E16-4FD5-A4D5-C3A5B80697D5}.Release|Any CPU.Build.0 = Release|Any CPU
		{CDA6FB22-CCAE-4F13-A9D6-8C3EA57CA413}.Debug|Any CPU.ActiveCfg = Debug|Any CPU
		{CDA6FB22-CCAE-4F13-A9D6-8C3EA57CA413}.Debug|Any CPU.Build.0 = Debug|Any CPU
		{CDA6FB22-CCAE-4F13-A9D6-8C3EA57CA413}.Release|Any CPU.ActiveCfg = Release|Any CPU
		{CDA6FB22-CCAE-4F13-A9D6-8C3EA57CA413}.Release|Any CPU.Build.0 = Release|Any CPU
		{5CB324F8-F16C-465C-A621-322A268A3561}.Debug|Any CPU.ActiveCfg = Debug|Any CPU
		{5CB324F8-F16C-465C-A621-322A268A3561}.Debug|Any CPU.Build.0 = Debug|Any CPU
		{5CB324F8-F16C-465C-A621-322A268A3561}.Release|Any CPU.ActiveCfg = Release|Any CPU
		{5CB324F8-F16C-465C-A621-322A268A3561}.Release|Any CPU.Build.0 = Release|Any CPU
		{ECE65774-A108-4958-993D-B27A07409A8B}.Debug|Any CPU.ActiveCfg = Debug|Any CPU
		{ECE65774-A108-4958-993D-B27A07409A8B}.Debug|Any CPU.Build.0 = Debug|Any CPU
		{ECE65774-A108-4958-993D-B27A07409A8B}.Release|Any CPU.ActiveCfg = Release|Any CPU
		{ECE65774-A108-4958-993D-B27A07409A8B}.Release|Any CPU.Build.0 = Release|Any CPU
		{4C66C3C1-32C2-4637-B518-4F859CF11CA1}.Debug|Any CPU.ActiveCfg = Debug|Any CPU
		{4C66C3C1-32C2-4637-B518-4F859CF11CA1}.Debug|Any CPU.Build.0 = Debug|Any CPU
		{4C66C3C1-32C2-4637-B518-4F859CF11CA1}.Release|Any CPU.ActiveCfg = Release|Any CPU
		{4C66C3C1-32C2-4637-B518-4F859CF11CA1}.Release|Any CPU.Build.0 = Release|Any CPU
		{81E24120-5681-44B4-B34B-878223737955}.Debug|Any CPU.ActiveCfg = Debug|Any CPU
		{81E24120-5681-44B4-B34B-878223737955}.Debug|Any CPU.Build.0 = Debug|Any CPU
		{81E24120-5681-44B4-B34B-878223737955}.Release|Any CPU.ActiveCfg = Release|Any CPU
		{81E24120-5681-44B4-B34B-878223737955}.Release|Any CPU.Build.0 = Release|Any CPU
		{FD9CE8AC-C9CB-4C82-95D9-964519187563}.Debug|Any CPU.ActiveCfg = Debug|Any CPU
		{FD9CE8AC-C9CB-4C82-95D9-964519187563}.Debug|Any CPU.Build.0 = Debug|Any CPU
		{FD9CE8AC-C9CB-4C82-95D9-964519187563}.Release|Any CPU.ActiveCfg = Release|Any CPU
		{FD9CE8AC-C9CB-4C82-95D9-964519187563}.Release|Any CPU.Build.0 = Release|Any CPU
		{8494C847-A7BD-4553-8477-A2C75B6C923F}.Debug|Any CPU.ActiveCfg = Debug|Any CPU
		{8494C847-A7BD-4553-8477-A2C75B6C923F}.Debug|Any CPU.Build.0 = Debug|Any CPU
		{8494C847-A7BD-4553-8477-A2C75B6C923F}.Release|Any CPU.ActiveCfg = Release|Any CPU
		{8494C847-A7BD-4553-8477-A2C75B6C923F}.Release|Any CPU.Build.0 = Release|Any CPU
	EndGlobalSection
	GlobalSection(SolutionProperties) = preSolution
		HideSolutionNode = FALSE
	EndGlobalSection
	GlobalSection(NestedProjects) = preSolution
		{9DB2082E-2D6F-411B-8E73-37F6417631D6} = {604CF027-7AC4-479D-9D7B-07CDA459BE08}
		{7DE68B49-6413-42D1-924C-6B95185B7CAE} = {604CF027-7AC4-479D-9D7B-07CDA459BE08}
		{338DEDD4-F2DC-463D-B4C5-97EF8FBD7805} = {604CF027-7AC4-479D-9D7B-07CDA459BE08}
		{1FBD03F2-F6CD-4140-BFD6-63CFBEAB6DD9} = {604CF027-7AC4-479D-9D7B-07CDA459BE08}
		{3907FB15-5742-4BD7-A06E-1D4872B18062} = {604CF027-7AC4-479D-9D7B-07CDA459BE08}
		{3C321ADE-D2BD-4E89-98C9-DFF3A2715C77} = {FCFE3C29-6710-43C4-B0D9-11CDFA31AC4B}
		{31E56B6B-35E3-4031-9C1D-F88A325D4A0E} = {FCFE3C29-6710-43C4-B0D9-11CDFA31AC4B}
		{278C8C3A-3116-4B63-9BF9-DDFE2694C723} = {FCFE3C29-6710-43C4-B0D9-11CDFA31AC4B}
		{3E2C5696-3B3E-4E1B-B542-E0EB078E5708} = {FCFE3C29-6710-43C4-B0D9-11CDFA31AC4B}
		{9BF14607-2B0A-4165-88ED-6D7946B557EA} = {FCFE3C29-6710-43C4-B0D9-11CDFA31AC4B}
		{B88B64A9-8B8D-4D7F-A06E-B3B41F6DFAFC} = {71C928C2-7EBA-43FA-9E03-2A52E6BAD681}
		{2F1E7E55-1E16-4FD5-A4D5-C3A5B80697D5} = {71C928C2-7EBA-43FA-9E03-2A52E6BAD681}
		{CDA6FB22-CCAE-4F13-A9D6-8C3EA57CA413} = {71C928C2-7EBA-43FA-9E03-2A52E6BAD681}
		{5CB324F8-F16C-465C-A621-322A268A3561} = {71C928C2-7EBA-43FA-9E03-2A52E6BAD681}
		{ECE65774-A108-4958-993D-B27A07409A8B} = {A949180A-6779-4387-A75F-BDCD72160B24}
		{4C66C3C1-32C2-4637-B518-4F859CF11CA1} = {A949180A-6779-4387-A75F-BDCD72160B24}
		{81E24120-5681-44B4-B34B-878223737955} = {A949180A-6779-4387-A75F-BDCD72160B24}
		{FD9CE8AC-C9CB-4C82-95D9-964519187563} = {A949180A-6779-4387-A75F-BDCD72160B24}
		{8494C847-A7BD-4553-8477-A2C75B6C923F} = {A8EF226E-70E0-4DE5-92AF-214AB553892A}
	EndGlobalSection
	GlobalSection(ExtensibilityGlobals) = postSolution
		SolutionGuid = {F7CEA432-E0DA-4B7F-8F85-7497A85A1BF6}
	EndGlobalSection
EndGlobal
